
Microsoft Visual Studio Solution File, Format Version 12.00
# Visual Studio Version 17
VisualStudioVersion = 17.7.34024.191
MinimumVisualStudioVersion = 10.0.40219.1
Project("{9A19103F-16F7-4668-BE54-9A1E7A4F7556}") = "BeestjeOpJeFeestje", "BeestjeOpJeFeestje\BeestjeOpJeFeestje.csproj", "{485E49D5-86D8-4FA8-8C79-4086AE594853}"
EndProject
Project("{FAE04EC0-301F-11D3-BF4B-00C04F79EFBC}") = "BeestjeLibrary", "BeestjeLibrary\BeestjeLibrary.csproj", "{1A9FCA88-28DB-403C-B823-FD60461110B4}"
EndProject
Global
	GlobalSection(SolutionConfigurationPlatforms) = preSolution
		Debug|Any CPU = Debug|Any CPU
		Release|Any CPU = Release|Any CPU
	EndGlobalSection
	GlobalSection(ProjectConfigurationPlatforms) = postSolution
		{485E49D5-86D8-4FA8-8C79-4086AE594853}.Debug|Any CPU.ActiveCfg = Debug|Any CPU
		{485E49D5-86D8-4FA8-8C79-4086AE594853}.Debug|Any CPU.Build.0 = Debug|Any CPU
		{485E49D5-86D8-4FA8-8C79-4086AE594853}.Release|Any CPU.ActiveCfg = Release|Any CPU
		{485E49D5-86D8-4FA8-8C79-4086AE594853}.Release|Any CPU.Build.0 = Release|Any CPU
		{1A9FCA88-28DB-403C-B823-FD60461110B4}.Debug|Any CPU.ActiveCfg = Debug|Any CPU
		{1A9FCA88-28DB-403C-B823-FD60461110B4}.Debug|Any CPU.Build.0 = Debug|Any CPU
		{1A9FCA88-28DB-403C-B823-FD60461110B4}.Release|Any CPU.ActiveCfg = Release|Any CPU
		{1A9FCA88-28DB-403C-B823-FD60461110B4}.Release|Any CPU.Build.0 = Release|Any CPU
	EndGlobalSection
	GlobalSection(SolutionProperties) = preSolution
		HideSolutionNode = FALSE
	EndGlobalSection
	GlobalSection(ExtensibilityGlobals) = postSolution
		SolutionGuid = {7F5443A2-41EA-4133-8469-073C257E536B}
	EndGlobalSection
EndGlobal
